
Microsoft Visual Studio Solution File, Format Version 12.00
# Visual Studio Version 17
VisualStudioVersion = 17.0.32014.148
MinimumVisualStudioVersion = 10.0.40219.1
Project("{FAE04EC0-301F-11D3-BF4B-00C04F79EFBC}") = "ArraylistApp", "ArraylistApp\ArraylistApp.csproj", "{62FD8808-D392-4472-8881-A00796A7E916}"
EndProject
Global
	GlobalSection(SolutionConfigurationPlatforms) = preSolution
		Debug|Any CPU = Debug|Any CPU
		Release|Any CPU = Release|Any CPU
	EndGlobalSection
	GlobalSection(ProjectConfigurationPlatforms) = postSolution
		{62FD8808-D392-4472-8881-A00796A7E916}.Debug|Any CPU.ActiveCfg = Debug|Any CPU
		{62FD8808-D392-4472-8881-A00796A7E916}.Debug|Any CPU.Build.0 = Debug|Any CPU
		{62FD8808-D392-4472-8881-A00796A7E916}.Release|Any CPU.ActiveCfg = Release|Any CPU
		{62FD8808-D392-4472-8881-A00796A7E916}.Release|Any CPU.Build.0 = Release|Any CPU
	EndGlobalSection
	GlobalSection(SolutionProperties) = preSolution
		HideSolutionNode = FALSE
	EndGlobalSection
	GlobalSection(ExtensibilityGlobals) = postSolution
		SolutionGuid = {82C2AFEA-4000-4724-90E1-90AD0602F608}
	EndGlobalSection
EndGlobal
